
Microsoft Visual Studio Solution File, Format Version 12.00
# Visual Studio Version 16
VisualStudioVersion = 16.0.31005.135
MinimumVisualStudioVersion = 10.0.40219.1
Project("{FAE04EC0-301F-11D3-BF4B-00C04F79EFBC}") = "moment3.3", "moment3.3.csproj", "{6B8E06EB-210A-44FA-9FF0-481522746DC9}"
EndProject
Global
	GlobalSection(SolutionConfigurationPlatforms) = preSolution
		Debug|Any CPU = Debug|Any CPU
		Release|Any CPU = Release|Any CPU
	EndGlobalSection
	GlobalSection(ProjectConfigurationPlatforms) = postSolution
		{6B8E06EB-210A-44FA-9FF0-481522746DC9}.Debug|Any CPU.ActiveCfg = Debug|Any CPU
		{6B8E06EB-210A-44FA-9FF0-481522746DC9}.Debug|Any CPU.Build.0 = Debug|Any CPU
		{6B8E06EB-210A-44FA-9FF0-481522746DC9}.Release|Any CPU.ActiveCfg = Release|Any CPU
		{6B8E06EB-210A-44FA-9FF0-481522746DC9}.Release|Any CPU.Build.0 = Release|Any CPU
	EndGlobalSection
	GlobalSection(SolutionProperties) = preSolution
		HideSolutionNode = FALSE
	EndGlobalSection
	GlobalSection(ExtensibilityGlobals) = postSolution
		SolutionGuid = {23CD9C30-10C3-4797-86AB-43A95664E729}
	EndGlobalSection
EndGlobal
